
Microsoft Visual Studio Solution File, Format Version 12.00
# Visual Studio Version 17
VisualStudioVersion = 17.4.33110.190
MinimumVisualStudioVersion = 10.0.40219.1
Project("{FAE04EC0-301F-11D3-BF4B-00C04F79EFBC}") = "OpenGLEngine", "OpenGLEngine\OpenGLEngine.csproj", "{B8AED4E4-DC95-41C9-B50F-49BFE8F4AEAB}"
EndProject
Project("{FAE04EC0-301F-11D3-BF4B-00C04F79EFBC}") = "OpenGLEngine.Benchmarks", "OpenGLEngine.Benchmarks\OpenGLEngine.Benchmarks.csproj", "{2649B041-BCB3-4B53-8026-6F34193939C1}"
EndProject
Global
	GlobalSection(SolutionConfigurationPlatforms) = preSolution
		Debug|Any CPU = Debug|Any CPU
		Release|Any CPU = Release|Any CPU
	EndGlobalSection
	GlobalSection(ProjectConfigurationPlatforms) = postSolution
		{B8AED4E4-DC95-41C9-B50F-49BFE8F4AEAB}.Debug|Any CPU.ActiveCfg = Debug|Any CPU
		{B8AED4E4-DC95-41C9-B50F-49BFE8F4AEAB}.Debug|Any CPU.Build.0 = Debug|Any CPU
		{B8AED4E4-DC95-41C9-B50F-49BFE8F4AEAB}.Release|Any CPU.ActiveCfg = Release|Any CPU
		{B8AED4E4-DC95-41C9-B50F-49BFE8F4AEAB}.Release|Any CPU.Build.0 = Release|Any CPU
		{2649B041-BCB3-4B53-8026-6F34193939C1}.Debug|Any CPU.ActiveCfg = Debug|Any CPU
		{2649B041-BCB3-4B53-8026-6F34193939C1}.Debug|Any CPU.Build.0 = Debug|Any CPU
		{2649B041-BCB3-4B53-8026-6F34193939C1}.Release|Any CPU.ActiveCfg = Release|Any CPU
		{2649B041-BCB3-4B53-8026-6F34193939C1}.Release|Any CPU.Build.0 = Release|Any CPU
	EndGlobalSection
	GlobalSection(SolutionProperties) = preSolution
		HideSolutionNode = FALSE
	EndGlobalSection
	GlobalSection(ExtensibilityGlobals) = postSolution
		SolutionGuid = {3C033B97-AFF7-4797-A38D-6AB2C44335C0}
	EndGlobalSection
EndGlobal
